Microsoft Visual Studio Solution File, Format Version 12.00
# Visual Studio Version 17
VisualStudioVersion = 17.0.31903.59
MinimumVisualStudioVersion = 10.0.40219.1
Project("{8F26FDDA-C64F-493F-840D-761C33F0EC56}") = "Project_266ce248f5004433b390671d6c1c09ed_20250601200320569636", "Project_266ce248f5004433b390671d6c1c09ed_20250601200320569636.csproj", "{8F26FDDA-C64F-493F-840D-761C33F0EC56}"
EndProject
Global
    GlobalSection(SolutionConfigurationPlatforms) = preSolution
        Debug|Any CPU = Debug|Any CPU
        Release|Any CPU = Release|Any CPU
    EndGlobalSection
    GlobalSection(ProjectConfigurationPlatforms) = postSolution
        {8F26FDDA-C64F-493F-840D-761C33F0EC56}.Debug|Any CPU.ActiveCfg = Debug|Any CPU
        {8F26FDDA-C64F-493F-840D-761C33F0EC56}.Debug|Any CPU.Build.0 = Debug|Any CPU
        {8F26FDDA-C64F-493F-840D-761C33F0EC56}.Release|Any CPU.ActiveCfg = Release|Any CPU
        {8F26FDDA-C64F-493F-840D-761C33F0EC56}.Release|Any CPU.Build.0 = Release|Any CPU
    EndGlobalSection
EndGlobal